PODS:
  - EaseMobSDK (2.1.9)
  - ProtocolBuffers (1.9.7)

DEPENDENCIES:
  - EaseMobSDK (from `https://github.com/easemob/sdk-ios-cocoapods.git`)
  - ProtocolBuffers (= 1.9.7)

EXTERNAL SOURCES:
  EaseMobSDK:
    :git: https://github.com/easemob/sdk-ios-cocoapods.git

CHECKOUT OPTIONS:
  EaseMobSDK:
    :commit: 4ec299391d5072fe27a548b190c9b77d9fe58c5b
    :git: https://github.com/easemob/sdk-ios-cocoapods.git

SPEC CHECKSUMS:
  EaseMobSDK: cc8415cb99a65debf4711fa2c9c349fd5c843299
  ProtocolBuffers: 0682a66dec85e5a45bd53a2f44b8b987a0ba845f

COCOAPODS: 0.37.2
