// !$*UTF8*$!
{
	archiveVersion = 1;
	classes = {
	};
	objectVersion = 46;
	objects = {

/* Begin PBXBuildFile section */
		F7E0FB941B540AAA00A44982 /* main.m in Sources */ = {isa = PBXBuildFile; fileRef = F7E0FB931B540AAA00A44982 /* main.m */; };
		F7E0FB971B540AAA00A44982 /* AppDelegate.m in Sources */ = {isa = PBXBuildFile; fileRef = F7E0FB961B540AAA00A44982 /* AppDelegate.m */; };
		F7E0FB9A1B540AAA00A44982 /* CommApp.xcdatamodeld in Sources */ = {isa = PBXBuildFile; fileRef = F7E0FB981B540AAA00A44982 /* CommApp.xcdatamodeld */; };
		F7E0FBA21B540AAA00A44982 /* Images.xcassets in Resources */ = {isa = PBXBuildFile; fileRef = F7E0FBA11B540AAA00A44982 /* Images.xcassets */; };
		F7E0FBA51B540AAA00A44982 /* LaunchScreen.xib in Resources */ = {isa = PBXBuildFile; fileRef = F7E0FBA31B540AAA00A44982 /* LaunchScreen.xib */; };
		F7E0FBB11B540AAB00A44982 /* CommAppTests.m in Sources */ = {isa = PBXBuildFile; fileRef = F7E0FBB01B540AAB00A44982 /* CommAppTests.m */; };
		F7E0FBBB1B540ADE00A44982 /* Main.storyboard in Resources */ = {isa = PBXBuildFile; fileRef = F7E0FBBA1B540ADE00A44982 /* Main.storyboard */; };
		F7E0FBC21B540B7200A44982 /* FirstViewController.m in Sources */ = {isa = PBXBuildFile; fileRef = F7E0FBBD1B540B7200A44982 /* FirstViewController.m */; };
		F7E0FBC31B540B7200A44982 /* FiveViewController.m in Sources */ = {isa = PBXBuildFile; fileRef = F7E0FBBF1B540B7200A44982 /* FiveViewController.m */; };
		F7E0FBC41B540B7200A44982 /* FourViewController.m in Sources */ = {isa = PBXBuildFile; fileRef = F7E0FBC11B540B7200A44982 /* FourViewController.m */; };
		F7E0FBC91B540B8100A44982 /* SecondViewController.m in Sources */ = {isa = PBXBuildFile; fileRef = F7E0FBC61B540B8100A44982 /* SecondViewController.m */; };
		F7E0FBCA1B540B8100A44982 /* ThreeViewController.m in Sources */ = {isa = PBXBuildFile; fileRef = F7E0FBC81B540B8100A44982 /* ThreeViewController.m */; };
		F7E2F68F1B59EC220097677B /* Test.pb.m in Sources */ = {isa = PBXBuildFile; fileRef = F7E2F68E1B59EC220097677B /* Test.pb.m */; };
		F8C232B4BEADD25BB61FE4E1 /* libPods.a in Frameworks */ = {isa = PBXBuildFile; fileRef = 3CF697D7250E7EC0E28ABA24 /* libPods.a */; };
/* End PBXBuildFile section */

/* Begin PBXContainerItemProxy section */
		F7E0FBAB1B540AAB00A44982 /* PBXContainerItemProxy */ = {
			isa = PBXContainerItemProxy;
			containerPortal = F7E0FB861B540AAA00A44982 /* Project object */;
			proxyType = 1;
			remoteGlobalIDString = F7E0FB8D1B540AAA00A44982;
			remoteInfo = CommApp;
		};
/* End PBXContainerItemProxy section */

/* Begin PBXFileReference section */
		3CF697D7250E7EC0E28ABA24 /* libPods.a */ = {isa = PBXFileReference; explicitFileType = archive.ar; includeInIndex = 0; path = libPods.a; sourceTree = BUILT_PRODUCTS_DIR; };
		854C9DF5B81676DE4FFDC951 /* Pods.release.xcconfig */ = {isa = PBXFileReference; includeInIndex = 1; lastKnownFileType = text.xcconfig; name = Pods.release.xcconfig; path = "Pods/Target Support Files/Pods/Pods.release.xcconfig"; sourceTree = "<group>"; };
		D61259E419BE13B7F5BC8667 /* Pods.debug.xcconfig */ = {isa = PBXFileReference; includeInIndex = 1; lastKnownFileType = text.xcconfig; name = Pods.debug.xcconfig; path = "Pods/Target Support Files/Pods/Pods.debug.xcconfig"; sourceTree = "<group>"; };
		F7E0FB8E1B540AAA00A44982 /* CommApp.app */ = {isa = PBXFileReference; explicitFileType = wrapper.application; includeInIndex = 0; path = CommApp.app; sourceTree = BUILT_PRODUCTS_DIR; };
		F7E0FB921B540AAA00A44982 /* Info.plist */ = {isa = PBXFileReference; lastKnownFileType = text.plist.xml; path = Info.plist; sourceTree = "<group>"; };
		F7E0FB931B540AAA00A44982 /* main.m */ = {isa = PBXFileReference; lastKnownFileType = sourcecode.c.objc; path = main.m; sourceTree = "<group>"; };
		F7E0FB951B540AAA00A44982 /* AppDelegate.h */ = {isa = PBXFileReference; lastKnownFileType = sourcecode.c.h; path = AppDelegate.h; sourceTree = "<group>"; };
		F7E0FB961B540AAA00A44982 /* AppDelegate.m */ = {isa = PBXFileReference; lastKnownFileType = sourcecode.c.objc; path = AppDelegate.m; sourceTree = "<group>"; };
		F7E0FB991B540AAA00A44982 /* CommApp.xcdatamodel */ = {isa = PBXFileReference; lastKnownFileType = wrapper.xcdatamodel; path = CommApp.xcdatamodel; sourceTree = "<group>"; };
		F7E0FBA11B540AAA00A44982 /* Images.xcassets */ = {isa = PBXFileReference; lastKnownFileType = folder.assetcatalog; path = Images.xcassets; sourceTree = "<group>"; };
		F7E0FBA41B540AAA00A44982 /* Base */ = {isa = PBXFileReference; lastKnownFileType = file.xib; name = Base; path = Base.lproj/LaunchScreen.xib; sourceTree = "<group>"; };
		F7E0FBAA1B540AAB00A44982 /* CommAppTests.xctest */ = {isa = PBXFileReference; explicitFileType = wrapper.cfbundle; includeInIndex = 0; path = CommAppTests.xctest; sourceTree = BUILT_PRODUCTS_DIR; };
		F7E0FBAF1B540AAB00A44982 /* Info.plist */ = {isa = PBXFileReference; lastKnownFileType = text.plist.xml; path = Info.plist; sourceTree = "<group>"; };
		F7E0FBB01B540AAB00A44982 /* CommAppTests.m */ = {isa = PBXFileReference; lastKnownFileType = sourcecode.c.objc; path = CommAppTests.m; sourceTree = "<group>"; };
		F7E0FBBA1B540ADE00A44982 /* Main.storyboard */ = {isa = PBXFileReference; fileEncoding = 4; lastKnownFileType = file.storyboard; path = Main.storyboard; sourceTree = "<group>"; };
		F7E0FBBC1B540B7200A44982 /* FirstViewController.h */ = {isa = PBXFileReference; fileEncoding = 4; lastKnownFileType = sourcecode.c.h; path = FirstViewController.h; sourceTree = "<group>"; };
		F7E0FBBD1B540B7200A44982 /* FirstViewController.m */ = {isa = PBXFileReference; fileEncoding = 4; lastKnownFileType = sourcecode.c.objc; path = FirstViewController.m; sourceTree = "<group>"; };
		F7E0FBBE1B540B7200A44982 /* FiveViewController.h */ = {isa = PBXFileReference; fileEncoding = 4; lastKnownFileType = sourcecode.c.h; path = FiveViewController.h; sourceTree = "<group>"; };
		F7E0FBBF1B540B7200A44982 /* FiveViewController.m */ = {isa = PBXFileReference; fileEncoding = 4; lastKnownFileType = sourcecode.c.objc; path = FiveViewController.m; sourceTree = "<group>"; };
		F7E0FBC01B540B7200A44982 /* FourViewController.h */ = {isa = PBXFileReference; fileEncoding = 4; lastKnownFileType = sourcecode.c.h; path = FourViewController.h; sourceTree = "<group>"; };
		F7E0FBC11B540B7200A44982 /* FourViewController.m */ = {isa = PBXFileReference; fileEncoding = 4; lastKnownFileType = sourcecode.c.objc; path = FourViewController.m; sourceTree = "<group>"; };
		F7E0FBC51B540B8100A44982 /* SecondViewController.h */ = {isa = PBXFileReference; fileEncoding = 4; lastKnownFileType = sourcecode.c.h; path = SecondViewController.h; sourceTree = "<group>"; };
		F7E0FBC61B540B8100A44982 /* SecondViewController.m */ = {isa = PBXFileReference; fileEncoding = 4; lastKnownFileType = sourcecode.c.objc; path = SecondViewController.m; sourceTree = "<group>"; };
		F7E0FBC71B540B8100A44982 /* ThreeViewController.h */ = {isa = PBXFileReference; fileEncoding = 4; lastKnownFileType = sourcecode.c.h; path = ThreeViewController.h; sourceTree = "<group>"; };
		F7E0FBC81B540B8100A44982 /* ThreeViewController.m */ = {isa = PBXFileReference; fileEncoding = 4; lastKnownFileType = sourcecode.c.objc; path = ThreeViewController.m; sourceTree = "<group>"; };
		F7E2F68D1B59EC220097677B /* Test.pb.h */ = {isa = PBXFileReference; fileEncoding = 4; lastKnownFileType = sourcecode.c.h; path = Test.pb.h; sourceTree = "<group>"; };
		F7E2F68E1B59EC220097677B /* Test.pb.m */ = {isa = PBXFileReference; fileEncoding = 4; lastKnownFileType = sourcecode.c.objc; path = Test.pb.m; sourceTree = "<group>"; };
/* End PBXFileReference section */

/* Begin PBXFrameworksBuildPhase section */
		F7E0FB8B1B540AAA00A44982 /* Frameworks */ = {
			isa = PBXFrameworksBuildPhase;
			buildActionMask = 2147483647;
			files = (
				F8C232B4BEADD25BB61FE4E1 /* libPods.a in Frameworks */,
			);
			runOnlyForDeploymentPostprocessing = 0;
		};
		F7E0FBA71B540AAA00A44982 /* Frameworks */ = {
			isa = PBXFrameworksBuildPhase;
			buildActionMask = 2147483647;
			files = (
			);
			runOnlyForDeploymentPostprocessing = 0;
		};
/* End PBXFrameworksBuildPhase section */

/* Begin PBXGroup section */
		2E077354D99FB1A2050A06F7 /* Pods */ = {
			isa = PBXGroup;
			children = (
				D61259E419BE13B7F5BC8667 /* Pods.debug.xcconfig */,
				854C9DF5B81676DE4FFDC951 /* Pods.release.xcconfig */,
			);
			name = Pods;
			sourceTree = "<group>";
		};
		B9EC06ACCDA214285582502A /* Frameworks */ = {
			isa = PBXGroup;
			children = (
				3CF697D7250E7EC0E28ABA24 /* libPods.a */,
			);
			name = Frameworks;
			sourceTree = "<group>";
		};
		F7E0FB851B540AAA00A44982 = {
			isa = PBXGroup;
			children = (
				F7E0FB901B540AAA00A44982 /* CommApp */,
				F7E0FBAD1B540AAB00A44982 /* CommAppTests */,
				F7E0FB8F1B540AAA00A44982 /* Products */,
				2E077354D99FB1A2050A06F7 /* Pods */,
				B9EC06ACCDA214285582502A /* Frameworks */,
			);
			sourceTree = "<group>";
		};
		F7E0FB8F1B540AAA00A44982 /* Products */ = {
			isa = PBXGroup;
			children = (
				F7E0FB8E1B540AAA00A44982 /* CommApp.app */,
				F7E0FBAA1B540AAB00A44982 /* CommAppTests.xctest */,
			);
			name = Products;
			sourceTree = "<group>";
		};
		F7E0FB901B540AAA00A44982 /* CommApp */ = {
			isa = PBXGroup;
			children = (
				F7E2F68D1B59EC220097677B /* Test.pb.h */,
				F7E2F68E1B59EC220097677B /* Test.pb.m */,
				F7E0FBC51B540B8100A44982 /* SecondViewController.h */,
				F7E0FBC61B540B8100A44982 /* SecondViewController.m */,
				F7E0FBC71B540B8100A44982 /* ThreeViewController.h */,
				F7E0FBC81B540B8100A44982 /* ThreeViewController.m */,
				F7E0FBBC1B540B7200A44982 /* FirstViewController.h */,
				F7E0FBBD1B540B7200A44982 /* FirstViewController.m */,
				F7E0FBBE1B540B7200A44982 /* FiveViewController.h */,
				F7E0FBBF1B540B7200A44982 /* FiveViewController.m */,
				F7E0FBC01B540B7200A44982 /* FourViewController.h */,
				F7E0FBC11B540B7200A44982 /* FourViewController.m */,
				F7E0FBBA1B540ADE00A44982 /* Main.storyboard */,
				F7E0FB951B540AAA00A44982 /* AppDelegate.h */,
				F7E0FB961B540AAA00A44982 /* AppDelegate.m */,
				F7E0FBA11B540AAA00A44982 /* Images.xcassets */,
				F7E0FBA31B540AAA00A44982 /* LaunchScreen.xib */,
				F7E0FB981B540AAA00A44982 /* CommApp.xcdatamodeld */,
				F7E0FB911B540AAA00A44982 /* Supporting Files */,
			);
			path = CommApp;
			sourceTree = "<group>";
		};
		F7E0FB911B540AAA00A44982 /* Supporting Files */ = {
			isa = PBXGroup;
			children = (
				F7E0FB921B540AAA00A44982 /* Info.plist */,
				F7E0FB931B540AAA00A44982 /* main.m */,
			);
			name = "Supporting Files";
			sourceTree = "<group>";
		};
		F7E0FBAD1B540AAB00A44982 /* CommAppTests */ = {
			isa = PBXGroup;
			children = (
				F7E0FBB01B540AAB00A44982 /* CommAppTests.m */,
				F7E0FBAE1B540AAB00A44982 /* Supporting Files */,
			);
			path = CommAppTests;
			sourceTree = "<group>";
		};
		F7E0FBAE1B540AAB00A44982 /* Supporting Files */ = {
			isa = PBXGroup;
			children = (
				F7E0FBAF1B540AAB00A44982 /* Info.plist */,
			);
			name = "Supporting Files";
			sourceTree = "<group>";
		};
/* End PBXGroup section */

/* Begin PBXNativeTarget section */
		F7E0FB8D1B540AAA00A44982 /* CommApp */ = {
			isa = PBXNativeTarget;
			buildConfigurationList = F7E0FBB41B540AAB00A44982 /* Build configuration list for PBXNativeTarget "CommApp" */;
			buildPhases = (
				303CB2116B2B606FD3DA075C /* Check Pods Manifest.lock */,
				F7E0FB8A1B540AAA00A44982 /* Sources */,
				F7E0FB8B1B540AAA00A44982 /* Frameworks */,
				F7E0FB8C1B540AAA00A44982 /* Resources */,
				ADB0CE455F1D52D39A4A344C /* Copy Pods Resources */,
			);
			buildRules = (
			);
			dependencies = (
			);
			name = CommApp;
			productName = CommApp;
			productReference = F7E0FB8E1B540AAA00A44982 /* CommApp.app */;
			productType = "com.apple.product-type.application";
		};
		F7E0FBA91B540AAA00A44982 /* CommAppTests */ = {
			isa = PBXNativeTarget;
			buildConfigurationList = F7E0FBB71B540AAB00A44982 /* Build configuration list for PBXNativeTarget "CommAppTests" */;
			buildPhases = (
				F7E0FBA61B540AAA00A44982 /* Sources */,
				F7E0FBA71B540AAA00A44982 /* Frameworks */,
				F7E0FBA81B540AAA00A44982 /* Resources */,
			);
			buildRules = (
			);
			dependencies = (
				F7E0FBAC1B540AAB00A44982 /* PBXTargetDependency */,
			);
			name = CommAppTests;
			productName = CommAppTests;
			productReference = F7E0FBAA1B540AAB00A44982 /* CommAppTests.xctest */;
			productType = "com.apple.product-type.bundle.unit-test";
		};
/* End PBXNativeTarget section */

/* Begin PBXProject section */
		F7E0FB861B540AAA00A44982 /* Project object */ = {
			isa = PBXProject;
			attributes = {
				LastUpgradeCheck = 0610;
				ORGANIZATIONNAME = hanlu;
				TargetAttributes = {
					F7E0FB8D1B540AAA00A44982 = {
						CreatedOnToolsVersion = 6.1;
					};
					F7E0FBA91B540AAA00A44982 = {
						CreatedOnToolsVersion = 6.1;
						TestTargetID = F7E0FB8D1B540AAA00A44982;
					};
				};
			};
			buildConfigurationList = F7E0FB891B540AAA00A44982 /* Build configuration list for PBXProject "CommApp" */;
			compatibilityVersion = "Xcode 3.2";
			developmentRegion = English;
			hasScannedForEncodings = 0;
			knownRegions = (
				en,
				Base,
			);
			mainGroup = F7E0FB851B540AAA00A44982;
			productRefGroup = F7E0FB8F1B540AAA00A44982 /* Products */;
			projectDirPath = "";
			projectRoot = "";
			targets = (
				F7E0FB8D1B540AAA00A44982 /* CommApp */,
				F7E0FBA91B540AAA00A44982 /* CommAppTests */,
			);
		};
/* End PBXProject section */

/* Begin PBXResourcesBuildPhase section */
		F7E0FB8C1B540AAA00A44982 /* Resources */ = {
			isa = PBXResourcesBuildPhase;
			buildActionMask = 2147483647;
			files = (
				F7E0FBBB1B540ADE00A44982 /* Main.storyboard in Resources */,
				F7E0FBA51B540AAA00A44982 /* LaunchScreen.xib in Resources */,
				F7E0FBA21B540AAA00A44982 /* Images.xcassets in Resources */,
			);
			runOnlyForDeploymentPostprocessing = 0;
		};
		F7E0FBA81B540AAA00A44982 /* Resources */ = {
			isa = PBXResourcesBuildPhase;
			buildActionMask = 2147483647;
			files = (
			);
			runOnlyForDeploymentPostprocessing = 0;
		};
/* End PBXResourcesBuildPhase section */

/* Begin PBXShellScriptBuildPhase section */
		303CB2116B2B606FD3DA075C /* Check Pods Manifest.lock */ = {
			isa = PBXShellScriptBuildPhase;
			buildActionMask = 2147483647;
			files = (
			);
			inputPaths = (
			);
			name = "Check Pods Manifest.lock";
			outputPaths = (
			);
			runOnlyForDeploymentPostprocessing = 0;
			shellPath = /bin/sh;
			shellScript = "diff \"${PODS_ROOT}/../Podfile.lock\" \"${PODS_ROOT}/Manifest.lock\" > /dev/null\nif [[ $? != 0 ]] ; then\n    cat << EOM\nerror: The sandbox is not in sync with the Podfile.lock. Run 'pod install' or update your CocoaPods installation.\nEOM\n    exit 1\nfi\n";
			showEnvVarsInLog = 0;
		};
		ADB0CE455F1D52D39A4A344C /* Copy Pods Resources */ = {
			isa = PBXShellScriptBuildPhase;
			buildActionMask = 2147483647;
			files = (
			);
			inputPaths = (
			);
			name = "Copy Pods Resources";
			outputPaths = (
			);
			runOnlyForDeploymentPostprocessing = 0;
			shellPath = /bin/sh;
			shellScript = "\"${SRCROOT}/Pods/Target Support Files/Pods/Pods-resources.sh\"\n";
			showEnvVarsInLog = 0;
		};
/* End PBXShellScriptBuildPhase section */

/* Begin PBXSourcesBuildPhase section */
		F7E0FB8A1B540AAA00A44982 /* Sources */ = {
			isa = PBXSourcesBuildPhase;
			buildActionMask = 2147483647;
			files = (
				F7E0FBC41B540B7200A44982 /* FourViewController.m in Sources */,
				F7E0FB971B540AAA00A44982 /* AppDelegate.m in Sources */,
				F7E0FB9A1B540AAA00A44982 /* CommApp.xcdatamodeld in Sources */,
				F7E0FBC91B540B8100A44982 /* SecondViewController.m in Sources */,
				F7E0FB941B540AAA00A44982 /* main.m in Sources */,
				F7E0FBC21B540B7200A44982 /* FirstViewController.m in Sources */,
				F7E2F68F1B59EC220097677B /* Test.pb.m in Sources */,
				F7E0FBC31B540B7200A44982 /* FiveViewController.m in Sources */,
				F7E0FBCA1B540B8100A44982 /* ThreeViewController.m in Sources */,
			);
			runOnlyForDeploymentPostprocessing = 0;
		};
		F7E0FBA61B540AAA00A44982 /* Sources */ = {
			isa = PBXSourcesBuildPhase;
			buildActionMask = 2147483647;
			files = (
				F7E0FBB11B540AAB00A44982 /* CommAppTests.m in Sources */,
			);
			runOnlyForDeploymentPostprocessing = 0;
		};
/* End PBXSourcesBuildPhase section */

/* Begin PBXTargetDependency section */
		F7E0FBAC1B540AAB00A44982 /* PBXTargetDependency */ = {
			isa = PBXTargetDependency;
			target = F7E0FB8D1B540AAA00A44982 /* CommApp */;
			targetProxy = F7E0FBAB1B540AAB00A44982 /* PBXContainerItemProxy */;
		};
/* End PBXTargetDependency section */

/* Begin PBXVariantGroup section */
		F7E0FBA31B540AAA00A44982 /* LaunchScreen.xib */ = {
			isa = PBXVariantGroup;
			children = (
				F7E0FBA41B540AAA00A44982 /* Base */,
			);
			name = LaunchScreen.xib;
			sourceTree = "<group>";
		};
/* End PBXVariantGroup section */

/* Begin XCBuildConfiguration section */
		F7E0FBB21B540AAB00A44982 /* Debug */ = {
			isa = XCBuildConfiguration;
			buildSettings = {
				ALWAYS_SEARCH_USER_PATHS = NO;
				CLANG_CXX_LANGUAGE_STANDARD = "gnu++0x";
				CLANG_CXX_LIBRARY = "libc++";
				CLANG_ENABLE_MODULES = YES;
				CLANG_ENABLE_OBJC_ARC = YES;
				CLANG_WARN_BOOL_CONVERSION = YES;
				CLANG_WARN_CONSTANT_CONVERSION = YES;
				CLANG_WARN_DIRECT_OBJC_ISA_USAGE = YES_ERROR;
				CLANG_WARN_EMPTY_BODY = YES;
				CLANG_WARN_ENUM_CONVERSION = YES;
				CLANG_WARN_INT_CONVERSION = YES;
				CLANG_WARN_OBJC_ROOT_CLASS = YES_ERROR;
				CLANG_WARN_UNREACHABLE_CODE = YES;
				CLANG_WARN__DUPLICATE_METHOD_MATCH = YES;
				"CODE_SIGN_IDENTITY[sdk=iphoneos*]" = "iPhone Developer";
				COPY_PHASE_STRIP = NO;
				ENABLE_STRICT_OBJC_MSGSEND = YES;
				GCC_C_LANGUAGE_STANDARD = gnu99;
				GCC_DYNAMIC_NO_PIC = NO;
				GCC_OPTIMIZATION_LEVEL = 0;
				GCC_PREPROCESSOR_DEFINITIONS = (
					"DEBUG=1",
					"$(inherited)",
				);
				GCC_SYMBOLS_PRIVATE_EXTERN = NO;
				GCC_WARN_64_TO_32_BIT_CONVERSION = YES;
				GCC_WARN_ABOUT_RETURN_TYPE = YES_ERROR;
				GCC_WARN_UNDECLARED_SELECTOR = YES;
				GCC_WARN_UNINITIALIZED_AUTOS = YES_AGGRESSIVE;
				GCC_WARN_UNUSED_FUNCTION = YES;
				GCC_WARN_UNUSED_VARIABLE = YES;
				IPHONEOS_DEPLOYMENT_TARGET = 8.1;
				MTL_ENABLE_DEBUG_INFO = YES;
				ONLY_ACTIVE_ARCH = YES;
				SDKROOT = iphoneos;
			};
			name = Debug;
		};
		F7E0FBB31B540AAB00A44982 /* Release */ = {
			isa = XCBuildConfiguration;
			buildSettings = {
				ALWAYS_SEARCH_USER_PATHS = NO;
				CLANG_CXX_LANGUAGE_STANDARD = "gnu++0x";
				CLANG_CXX_LIBRARY = "libc++";
				CLANG_ENABLE_MODULES = YES;
				CLANG_ENABLE_OBJC_ARC = YES;
				CLANG_WARN_BOOL_CONVERSION = YES;
				CLANG_WARN_CONSTANT_CONVERSION = YES;
				CLANG_WARN_DIRECT_OBJC_ISA_USAGE = YES_ERROR;
				CLANG_WARN_EMPTY_BODY = YES;
				CLANG_WARN_ENUM_CONVERSION = YES;
				CLANG_WARN_INT_CONVERSION = YES;
				CLANG_WARN_OBJC_ROOT_CLASS = YES_ERROR;
				CLANG_WARN_UNREACHABLE_CODE = YES;
				CLANG_WARN__DUPLICATE_METHOD_MATCH = YES;
				"CODE_SIGN_IDENTITY[sdk=iphoneos*]" = "iPhone Developer";
				COPY_PHASE_STRIP = YES;
				ENABLE_NS_ASSERTIONS = NO;
				ENABLE_STRICT_OBJC_MSGSEND = YES;
				GCC_C_LANGUAGE_STANDARD = gnu99;
				GCC_WARN_64_TO_32_BIT_CONVERSION = YES;
				GCC_WARN_ABOUT_RETURN_TYPE = YES_ERROR;
				GCC_WARN_UNDECLARED_SELECTOR = YES;
				GCC_WARN_UNINITIALIZED_AUTOS = YES_AGGRESSIVE;
				GCC_WARN_UNUSED_FUNCTION = YES;
				GCC_WARN_UNUSED_VARIABLE = YES;
				IPHONEOS_DEPLOYMENT_TARGET = 8.1;
				MTL_ENABLE_DEBUG_INFO = NO;
				SDKROOT = iphoneos;
				VALIDATE_PRODUCT = YES;
			};
			name = Release;
		};
		F7E0FBB51B540AAB00A44982 /* Debug */ = {
			isa = XCBuildConfiguration;
			baseConfigurationReference = D61259E419BE13B7F5BC8667 /* Pods.debug.xcconfig */;
			buildSettings = {
				ASSETCATALOG_COMPILER_APPICON_NAME = AppIcon;
				CLANG_ENABLE_OBJC_ARC = NO;
				HEADER_SEARCH_PATHS = (
					"<Multiple",
					"values>",
					/Users/Hanlu/Desktop/CommApp/Protobuflib/Classes/,
				);
				"HEADER_SEARCH_PATHS[arch=*]" = (
					"$(inherited)",
					/Applications/Xcode.app/Contents/Developer/Toolchains/XcodeDefault.xctoolchain/usr/include,
				);
				INFOPLIST_FILE = CommApp/Info.plist;
				IPHONEOS_DEPLOYMENT_TARGET = 7.0;
				LD_RUNPATH_SEARCH_PATHS = "$(inherited) @executable_path/Frameworks";
				LIBRARY_SEARCH_PATHS = (
					/user/local/include,
					/Users/Hanlu/Desktop,
					/usr/local/Cellar/protobuf250/2.5.0/lib,
					/usr/local/Cellar/protobuf/2.6.1/lib,
					/Users/Hanlu/Downloads,
				);
				"LIBRARY_SEARCH_PATHS[arch=*]" = /;
				PRODUCT_NAME = "$(TARGET_NAME)";
			};
			name = Debug;
		};
		F7E0FBB61B540AAB00A44982 /* Release */ = {
			isa = XCBuildConfiguration;
			baseConfigurationReference = 854C9DF5B81676DE4FFDC951 /* Pods.release.xcconfig */;
			buildSettings = {
				ASSETCATALOG_COMPILER_APPICON_NAME = AppIcon;
				CLANG_ENABLE_OBJC_ARC = NO;
				HEADER_SEARCH_PATHS = (
					"<Multiple",
					"values>",
					/Users/Hanlu/Desktop/CommApp/Protobuflib/Classes/,
				);
				INFOPLIST_FILE = CommApp/Info.plist;
				IPHONEOS_DEPLOYMENT_TARGET = 7.0;
				LD_RUNPATH_SEARCH_PATHS = "$(inherited) @executable_path/Frameworks";
				LIBRARY_SEARCH_PATHS = (
					"$(inherited)",
					/Users/Hanlu/Desktop,
					/usr/local/Cellar/protobuf250/2.5.0/lib,
					/usr/local/Cellar/protobuf/2.6.1/lib,
					/Users/Hanlu/Downloads,
				);
				PRODUCT_NAME = "$(TARGET_NAME)";
			};
			name = Release;
		};
		F7E0FBB81B540AAB00A44982 /* Debug */ = {
			isa = XCBuildConfiguration;
			buildSettings = {
				BUNDLE_LOADER = "$(TEST_HOST)";
				FRAMEWORK_SEARCH_PATHS = (
					"$(SDKROOT)/Developer/Library/Frameworks",
					"$(inherited)",
				);
				GCC_PREPROCESSOR_DEFINITIONS = (
					"DEBUG=1",
					"$(inherited)",
				);
				INFOPLIST_FILE = CommAppTests/Info.plist;
				LD_RUNPATH_SEARCH_PATHS = "$(inherited) @executable_path/Frameworks @loader_path/Frameworks";
				PRODUCT_NAME = "$(TARGET_NAME)";
				TEST_HOST = "$(BUILT_PRODUCTS_DIR)/CommApp.app/CommApp";
			};
			name = Debug;
		};
		F7E0FBB91B540AAB00A44982 /* Release */ = {
			isa = XCBuildConfiguration;
			buildSettings = {
				BUNDLE_LOADER = "$(TEST_HOST)";
				FRAMEWORK_SEARCH_PATHS = (
					"$(SDKROOT)/Developer/Library/Frameworks",
					"$(inherited)",
				);
				INFOPLIST_FILE = CommAppTests/Info.plist;
				LD_RUNPATH_SEARCH_PATHS = "$(inherited) @executable_path/Frameworks @loader_path/Frameworks";
				PRODUCT_NAME = "$(TARGET_NAME)";
				TEST_HOST = "$(BUILT_PRODUCTS_DIR)/CommApp.app/CommApp";
			};
			name = Release;
		};
/* End XCBuildConfiguration section */

/* Begin XCConfigurationList section */
		F7E0FB891B540AAA00A44982 /* Build configuration list for PBXProject "CommApp" */ = {
			isa = XCConfigurationList;
			buildConfigurations = (
				F7E0FBB21B540AAB00A44982 /* Debug */,
				F7E0FBB31B540AAB00A44982 /* Release */,
			);
			defaultConfigurationIsVisible = 0;
			defaultConfigurationName = Release;
		};
		F7E0FBB41B540AAB00A44982 /* Build configuration list for PBXNativeTarget "CommApp" */ = {
			isa = XCConfigurationList;
			buildConfigurations = (
				F7E0FBB51B540AAB00A44982 /* Debug */,
				F7E0FBB61B540AAB00A44982 /* Release */,
			);
			defaultConfigurationIsVisible = 0;
			defaultConfigurationName = Release;
		};
		F7E0FBB71B540AAB00A44982 /* Build configuration list for PBXNativeTarget "CommAppTests" */ = {
			isa = XCConfigurationList;
			buildConfigurations = (
				F7E0FBB81B540AAB00A44982 /* Debug */,
				F7E0FBB91B540AAB00A44982 /* Release */,
			);
			defaultConfigurationIsVisible = 0;
			defaultConfigurationName = Release;
		};
/* End XCConfigurationList section */

/* Begin XCVersionGroup section */
		F7E0FB981B540AAA00A44982 /* CommApp.xcdatamodeld */ = {
			isa = XCVersionGroup;
			children = (
				F7E0FB991B540AAA00A44982 /* CommApp.xcdatamodel */,
			);
			currentVersion = F7E0FB991B540AAA00A44982 /* CommApp.xcdatamodel */;
			path = CommApp.xcdatamodeld;
			sourceTree = "<group>";
			versionGroupType = wrapper.xcdatamodel;
		};
/* End XCVersionGroup section */
	};
	rootObject = F7E0FB861B540AAA00A44982 /* Project object */;
}
